<?xml version="1.0" encoding="utf-8"?>
<Project ToolsVersion="4.0" xmlns="http://schemas.microsoft.com/developer/msbuild/2003">
  <ItemGroup>
    <Filter Include="Assets">
      <UniqueIdentifier>f3e9dbd2-35ea-4c41-a500-5527cd950e86</UniqueIdentifier>
      <Extensions>bmp;fbx;gif;jpg;jpeg;tga;tiff;tif;png</Extensions>
    </Filter>
    <Filter Include="Assets\App">
      <UniqueIdentifier>{7916499a-796f-46d9-b8f0-68d122085cfe}</UniqueIdentifier>
      <Extensions>bmp;fbx;gif;jpg;jpeg;tga;tiff;tif;png</Extensions>
    </Filter>
    <Image Include="Assets\App\BadgeLogo.scale-200.png">
      <Filter>Assets\App</Filter>
    </Image>
    <Image Include="Assets\App\BadgeLogo.scale-400.png">
      <Filter>Assets\App</Filter>
    </Image>
    <Image Include="Assets\App\SplashScreen.scale-200.png">
      <Filter>Assets\App</Filter>
    </Image>
    <Image Include="Assets\App\SplashScreen.scale-400.png">
      <Filter>Assets\App</Filter>
    </Image>
    <Image Include="Assets\App\Square44x44Logo.scale-100.png">
      <Filter>Assets\App</Filter>
    </Image>
    <Image Include="Assets\App\Square44x44Logo.scale-200.png">
      <Filter>Assets\App</Filter>
    </Image>
    <Image Include="Assets\App\Square44x44Logo.scale-400.png">
      <Filter>Assets\App</Filter>
    </Image>
    <Image Include="Assets\App\Square44x44Logo.targetsize-48.png">
      <Filter>Assets\App</Filter>
    </Image>
    <Image Include="Assets\App\Square44x44Logo.targetsize-48_altform-unplated.png">
      <Filter>Assets\App</Filter>
    </Image>
    <Image Include="Assets\App\Square44x44Logo.targetsize-256.png">
      <Filter>Assets\App</Filter>
    </Image>
    <Image Include="Assets\App\Square44x44Logo.targetsize-256_altform-unplated.png">
      <Filter>Assets\App</Filter>
    </Image>
    <Image Include="Assets\App\Square71x71Logo.scale-100.png">
      <Filter>Assets\App</Filter>
    </Image>
    <Image Include="Assets\App\Square71x71Logo.scale-200.png">
      <Filter>Assets\App</Filter>
    </Image>
    <Image Include="Assets\App\Square71x71Logo.scale-400.png">
      <Filter>Assets\App</Filter>
    </Image>
    <Image Include="Assets\App\Square150x150Logo.scale-100.png">
      <Filter>Assets\App</Filter>
    </Image>
    <Image Include="Assets\App\Square150x150Logo.scale-200.png">
      <Filter>Assets\App</Filter>
    </Image>
    <Image Include="Assets\App\Square150x150Logo.scale-400.png">
      <Filter>Assets\App</Filter>
    </Image>
    <Image Include="Assets\App\Square310x310Logo.scale-100.png">
      <Filter>Assets\App</Filter>
    </Image>
    <Image Include="Assets\App\Square310x310Logo.scale-200.png">
      <Filter>Assets\App</Filter>
    </Image>
    <Image Include="Assets\App\Square310x310Logo.scale-400.png">
      <Filter>Assets\App</Filter>
    </Image>
    <Image Include="Assets\App\StoreLogo.scale-400.png">
      <Filter>Assets\App</Filter>
    </Image>
    <Image Include="Assets\App\Wide310x150Logo.scale-100.png">
      <Filter>Assets\App</Filter>
    </Image>
    <Image Include="Assets\App\Wide310x150Logo.scale-200.png">
      <Filter>Assets\App</Filter>
    </Image>
    <Image Include="Assets\App\Wide310x150Logo.scale-400.png">
      <Filter>Assets\App</Filter>
    </Image>
    <Filter Include="Game">
      <UniqueIdentifier>{7a1accf8-ced7-45e0-b1ae-53401b656223}</UniqueIdentifier>
    </Filter>
    <Filter Include="hosTile">
      <UniqueIdentifier>51f3e198-4e78-4726-bea3-df273ceedbb3</UniqueIdentifier>
    </Filter>
    <Filter Include="Other">
      <UniqueIdentifier>458a7844-2175-4b08-bf2e-99f689284127</UniqueIdentifier>
    </Filter>
    <Filter Include="Assets\Futile">
      <UniqueIdentifier>{9a2f9c2a-3e80-4ffa-8d0d-9f4406779be6}</UniqueIdentifier>
    </Filter>
  </ItemGroup>
  <ItemGroup>
    <ClCompile Include="App.cpp" />
    <ClCompile Include="Game\Game.cpp">
      <Filter>Game</Filter>
    </ClCompile>
    <ClCompile Include="Game\Player.cpp">
      <Filter>Game</Filter>
    </ClCompile>
    <ClCompile Include="Game\Camera.cpp">
      <Filter>Game</Filter>
    </ClCompile>
    <ClCompile Include="Game\GameObject.cpp">
      <Filter>Game</Filter>
    </ClCompile>
    <ClCompile Include="hosTile\hosTile.cpp">
      <Filter>hosTile</Filter>
    </ClCompile>
    <ClCompile Include="hosTile\hosTileRenderer.cpp">
      <Filter>hosTile</Filter>
    </ClCompile>
    <ClCompile Include="hosTile\hTSimpleSprite.cpp">
      <Filter>hosTile</Filter>
    </ClCompile>
    <ClCompile Include="hosTile\hTSprite.cpp">
      <Filter>hosTile</Filter>
    </ClCompile>
    <ClCompile Include="hosTile\hTTileset.cpp">
      <Filter>hosTile</Filter>
    </ClCompile>
    <ClCompile Include="hosTile\hTTileSprite.cpp">
      <Filter>hosTile</Filter>
    </ClCompile>
    <ClCompile Include="Other\DeviceResources.cpp">
      <Filter>Other</Filter>
    </ClCompile>
    <ClCompile Include="hosTileSampleMain.cpp" />
    <ClCompile Include="pch.cpp" />
  </ItemGroup>
  <ItemGroup>
    <ClInclude Include="App.h" />
    <ClInclude Include="Game\Game.h">
      <Filter>Game</Filter>
    </ClInclude>
    <ClInclude Include="Game\Player.h">
      <Filter>Game</Filter>
    </ClInclude>
    <ClInclude Include="Game\Camera.h">
      <Filter>Game</Filter>
    </ClInclude>
    <ClInclude Include="Game\GameObject.h">
      <Filter>Game</Filter>
    </ClInclude>
    <ClInclude Include="hosTile\hosTile.h">
      <Filter>hosTile</Filter>
    </ClInclude>
    <ClInclude Include="hosTile\hosTileRenderer.h">
      <Filter>hosTile</Filter>
    </ClInclude>
    <ClInclude Include="hosTile\hosTileShaderStructures.h">
      <Filter>hosTile</Filter>
    </ClInclude>
    <ClInclude Include="hosTile\hTSimpleSprite.h">
      <Filter>hosTile</Filter>
    </ClInclude>
    <ClInclude Include="hosTile\hTSprite.h">
      <Filter>hosTile</Filter>
    </ClInclude>
    <ClInclude Include="hosTile\hTTileset.h">
      <Filter>hosTile</Filter>
    </ClInclude>
    <ClInclude Include="hosTile\hTTileSprite.h">
      <Filter>hosTile</Filter>
    </ClInclude>
    <ClInclude Include="Other\DeviceResources.h">
      <Filter>Other</Filter>
    </ClInclude>
    <ClInclude Include="Other\DirectXHelper.h">
      <Filter>Other</Filter>
    </ClInclude>
    <ClInclude Include="Other\json.hpp">
      <Filter>Other</Filter>
    </ClInclude>
    <ClInclude Include="Other\StepTimer.h">
      <Filter>Other</Filter>
    </ClInclude>
    <ClInclude Include="hosTileSampleMain.h" />
    <ClInclude Include="pch.h" />
  </ItemGroup>
  <ItemGroup>
    <AppxManifest Include="Package.appxmanifest" />
  </ItemGroup>
  <ItemGroup>
    <FxCompile Include="hosTile\hosTilePixelShader.hlsl">
      <Filter>hosTile</Filter>
    </FxCompile>
    <FxCompile Include="hosTile\hosTileVertexShader.hlsl">
      <Filter>hosTile</Filter>
    </FxCompile>
  </ItemGroup>
  <ItemGroup>
    <None Include="packages.config" />
  </ItemGroup>
  <ItemGroup>
    <CopyFileToFolders Include="Assets\Futile\futile_map.json">
      <Filter>Assets\Futile</Filter>
    </CopyFileToFolders>
    <CopyFileToFolders Include="Assets\Futile\futile_tileset.dds">
      <Filter>Assets\Futile</Filter>
    </CopyFileToFolders>
    <CopyFileToFolders Include="Assets\Futile\futile_tileset.json">
      <Filter>Assets\Futile</Filter>
    </CopyFileToFolders>
  </ItemGroup>
</Project>